<Solution>
  <Folder Name="/src/">
    <Project Path="src/Whispr.Application/Whispr.Application.csproj" />
    <Project Path="src/Whispr.Domain/Whispr.Domain.csproj" />
    <Project Path="src/Whispr.Infrastructure/Whispr.Infrastructure.csproj" />
    <Project Path="src/Whispr.Presentation.Api/Whispr.Presentation.Api.csproj" />
    <Project Path="src/Whispr.SharedKernel/Whispr.SharedKernel.csproj" />
  </Folder>
</Solution>